PODS:
  - Alamofire (4.8.0)
  - AlamofireImage (3.5.0):
    - Alamofire (~> 4.8)

DEPENDENCIES:
  - Alamofire (~> 4.4)
  - AlamofireImage (~> 3.5)

SPEC REPOS:
  https://github.com/cocoapods/specs.git:
    - Alamofire
    - AlamofireImage

SPEC CHECKSUMS:
  Alamofire: 3ec537f71edc9804815215393ae2b1a8ea33a844
  AlamofireImage: 1aea346f4dda2f6c67622fa5a89fcbb80d79cc16

PODFILE CHECKSUM: 0036bfb7bbba085f8cd8253320ae5f9dfcd0c5b5

COCOAPODS: 1.5.3
