// !$*UTF8*$!
{
	archiveVersion = 1;
	classes = {
	};
	objectVersion = 50;
	objects = {

/* Begin PBXBuildFile section */
		4EA1623C8F9D536591109580 /* Pods_MovieAppTests.framework in Frameworks */ = {isa = PBXBuildFile; fileRef = 784739E3EFA9F24B71A0647D /* Pods_MovieAppTests.framework */; };
		5C7DBD1733EB5A9B26B4A25C /* Pods_MovieApp.framework in Frameworks */ = {isa = PBXBuildFile; fileRef = C1D584216F1E3459951A5FE1 /* Pods_MovieApp.framework */; };
		9C54E70C22126F2D008BD6C2 /* MovieDetailsViewController.swift in Sources */ = {isa = PBXBuildFile; fileRef = 9C54E70B22126F2D008BD6C2 /* MovieDetailsViewController.swift */; };
		9C54E70E22127CC2008BD6C2 /* MovieGridViewController.swift in Sources */ = {isa = PBXBuildFile; fileRef = 9C54E70D22127CC2008BD6C2 /* MovieGridViewController.swift */; };
		9CEED46522096B3D00ACC876 /* MovieCell.swift in Sources */ = {isa = PBXBuildFile; fileRef = 9CEED46422096B3D00ACC876 /* MovieCell.swift */; };
		9CFD828A2209376900E5C0F7 /* AppDelegate.swift in Sources */ = {isa = PBXBuildFile; fileRef = 9CFD82892209376900E5C0F7 /* AppDelegate.swift */; };
		9CFD828C2209376900E5C0F7 /* ViewController.swift in Sources */ = {isa = PBXBuildFile; fileRef = 9CFD828B2209376900E5C0F7 /* ViewController.swift */; };
		9CFD828F2209376900E5C0F7 /* Main.storyboard in Resources */ = {isa = PBXBuildFile; fileRef = 9CFD828D2209376900E5C0F7 /* Main.storyboard */; };
		9CFD82922209376900E5C0F7 /* MovieApp.xcdatamodeld in Sources */ = {isa = PBXBuildFile; fileRef = 9CFD82902209376900E5C0F7 /* MovieApp.xcdatamodeld */; };
		9CFD82942209376B00E5C0F7 /* Assets.xcassets in Resources */ = {isa = PBXBuildFile; fileRef = 9CFD82932209376B00E5C0F7 /* Assets.xcassets */; };
		9CFD82972209376B00E5C0F7 /* LaunchScreen.storyboard in Resources */ = {isa = PBXBuildFile; fileRef = 9CFD82952209376B00E5C0F7 /* LaunchScreen.storyboard */; };
		9CFD82A22209376B00E5C0F7 /* MovieAppTests.swift in Sources */ = {isa = PBXBuildFile; fileRef = 9CFD82A12209376B00E5C0F7 /* MovieAppTests.swift */; };
		9CFD82AD2209376B00E5C0F7 /* MovieAppUITests.swift in Sources */ = {isa = PBXBuildFile; fileRef = 9CFD82AC2209376B00E5C0F7 /* MovieAppUITests.swift */; };
		FC4A4AB2A40B1BAA11AC844B /* Pods_MovieAppUITests.framework in Frameworks */ = {isa = PBXBuildFile; fileRef = A5D6737997E4958EAF3709FD /* Pods_MovieAppUITests.framework */; };
/* End PBXBuildFile section */

/* Begin PBXContainerItemProxy section */
		9CFD829E2209376B00E5C0F7 /* PBXContainerItemProxy */ = {
			isa = PBXContainerItemProxy;
			containerPortal = 9CFD827E2209376900E5C0F7 /* Project object */;
			proxyType = 1;
			remoteGlobalIDString = 9CFD82852209376900E5C0F7;
			remoteInfo = MovieApp;
		};
		9CFD82A92209376B00E5C0F7 /* PBXContainerItemProxy */ = {
			isa = PBXContainerItemProxy;
			containerPortal = 9CFD827E2209376900E5C0F7 /* Project object */;
			proxyType = 1;
			remoteGlobalIDString = 9CFD82852209376900E5C0F7;
			remoteInfo = MovieApp;
		};
/* End PBXContainerItemProxy section */

/* Begin PBXFileReference section */
		5A7E00ABBE22EFF2F599CB38 /* Pods-MovieAppTests.debug.xcconfig */ = {isa = PBXFileReference; includeInIndex = 1; lastKnownFileType = text.xcconfig; name = "Pods-MovieAppTests.debug.xcconfig"; path = "Pods/Target Support Files/Pods-MovieAppTests/Pods-MovieAppTests.debug.xcconfig"; sourceTree = "<group>"; };
		61706E25D9321625F011C4A3 /* Pods-MovieApp.debug.xcconfig */ = {isa = PBXFileReference; includeInIndex = 1; lastKnownFileType = text.xcconfig; name = "Pods-MovieApp.debug.xcconfig"; path = "Pods/Target Support Files/Pods-MovieApp/Pods-MovieApp.debug.xcconfig"; sourceTree = "<group>"; };
		6B2C2E8BE426BB58537E9C79 /* Pods-MovieAppUITests.release.xcconfig */ = {isa = PBXFileReference; includeInIndex = 1; lastKnownFileType = text.xcconfig; name = "Pods-MovieAppUITests.release.xcconfig"; path = "Pods/Target Support Files/Pods-MovieAppUITests/Pods-MovieAppUITests.release.xcconfig"; sourceTree = "<group>"; };
		784739E3EFA9F24B71A0647D /* Pods_MovieAppTests.framework */ = {isa = PBXFileReference; explicitFileType = wrapper.framework; includeInIndex = 0; path = Pods_MovieAppTests.framework; sourceTree = BUILT_PRODUCTS_DIR; };
		9C54E70B22126F2D008BD6C2 /* MovieDetailsViewController.swift */ = {isa = PBXFileReference; lastKnownFileType = sourcecode.swift; path = MovieDetailsViewController.swift; sourceTree = "<group>"; };
		9C54E70D22127CC2008BD6C2 /* MovieGridViewController.swift */ = {isa = PBXFileReference; lastKnownFileType = sourcecode.swift; path = MovieGridViewController.swift; sourceTree = "<group>"; };
		9CEED46422096B3D00ACC876 /* MovieCell.swift */ = {isa = PBXFileReference; lastKnownFileType = sourcecode.swift; path = MovieCell.swift; sourceTree = "<group>"; };
		9CFD82862209376900E5C0F7 /* MovieApp.app */ = {isa = PBXFileReference; explicitFileType = wrapper.application; includeInIndex = 0; path = MovieApp.app; sourceTree = BUILT_PRODUCTS_DIR; };
		9CFD82892209376900E5C0F7 /* AppDelegate.swift */ = {isa = PBXFileReference; lastKnownFileType = sourcecode.swift; path = AppDelegate.swift; sourceTree = "<group>"; };
		9CFD828B2209376900E5C0F7 /* ViewController.swift */ = {isa = PBXFileReference; lastKnownFileType = sourcecode.swift; path = ViewController.swift; sourceTree = "<group>"; };
		9CFD828E2209376900E5C0F7 /* Base */ = {isa = PBXFileReference; lastKnownFileType = file.storyboard; name = Base; path = Base.lproj/Main.storyboard; sourceTree = "<group>"; };
		9CFD82912209376900E5C0F7 /* MovieApp.xcdatamodel */ = {isa = PBXFileReference; lastKnownFileType = wrapper.xcdatamodel; path = MovieApp.xcdatamodel; sourceTree = "<group>"; };
		9CFD82932209376B00E5C0F7 /* Assets.xcassets */ = {isa = PBXFileReference; lastKnownFileType = folder.assetcatalog; path = Assets.xcassets; sourceTree = "<group>"; };
		9CFD82962209376B00E5C0F7 /* Base */ = {isa = PBXFileReference; lastKnownFileType = file.storyboard; name = Base; path = Base.lproj/LaunchScreen.storyboard; sourceTree = "<group>"; };
		9CFD82982209376B00E5C0F7 /* Info.plist */ = {isa = PBXFileReference; lastKnownFileType = text.plist.xml; path = Info.plist; sourceTree = "<group>"; };
		9CFD829D2209376B00E5C0F7 /* MovieAppTests.xctest */ = {isa = PBXFileReference; explicitFileType = wrapper.cfbundle; includeInIndex = 0; path = MovieAppTests.xctest; sourceTree = BUILT_PRODUCTS_DIR; };
		9CFD82A12209376B00E5C0F7 /* MovieAppTests.swift */ = {isa = PBXFileReference; lastKnownFileType = sourcecode.swift; path = MovieAppTests.swift; sourceTree = "<group>"; };
		9CFD82A32209376B00E5C0F7 /* Info.plist */ = {isa = PBXFileReference; lastKnownFileType = text.plist.xml; path = Info.plist; sourceTree = "<group>"; };
		9CFD82A82209376B00E5C0F7 /* MovieAppUITests.xctest */ = {isa = PBXFileReference; explicitFileType = wrapper.cfbundle; includeInIndex = 0; path = MovieAppUITests.xctest; sourceTree = BUILT_PRODUCTS_DIR; };
		9CFD82AC2209376B00E5C0F7 /* MovieAppUITests.swift */ = {isa = PBXFileReference; lastKnownFileType = sourcecode.swift; path = MovieAppUITests.swift; sourceTree = "<group>"; };
		9CFD82AE2209376B00E5C0F7 /* Info.plist */ = {isa = PBXFileReference; lastKnownFileType = text.plist.xml; path = Info.plist; sourceTree = "<group>"; };
		A5D6737997E4958EAF3709FD /* Pods_MovieAppUITests.framework */ = {isa = PBXFileReference; explicitFileType = wrapper.framework; includeInIndex = 0; path = Pods_MovieAppUITests.framework; sourceTree = BUILT_PRODUCTS_DIR; };
		C1D584216F1E3459951A5FE1 /* Pods_MovieApp.framework */ = {isa = PBXFileReference; explicitFileType = wrapper.framework; includeInIndex = 0; path = Pods_MovieApp.framework; sourceTree = BUILT_PRODUCTS_DIR; };
		CE95EC5EFF21AEA49DD4442B /* Pods-MovieAppUITests.debug.xcconfig */ = {isa = PBXFileReference; includeInIndex = 1; lastKnownFileType = text.xcconfig; name = "Pods-MovieAppUITests.debug.xcconfig"; path = "Pods/Target Support Files/Pods-MovieAppUITests/Pods-MovieAppUITests.debug.xcconfig"; sourceTree = "<group>"; };
		D6D56F18DE178DD18F4DA8EE /* Pods-MovieApp.release.xcconfig */ = {isa = PBXFileReference; includeInIndex = 1; lastKnownFileType = text.xcconfig; name = "Pods-MovieApp.release.xcconfig"; path = "Pods/Target Support Files/Pods-MovieApp/Pods-MovieApp.release.xcconfig"; sourceTree = "<group>"; };
		D8302724A3EAF996F0D843EE /* Pods-MovieAppTests.release.xcconfig */ = {isa = PBXFileReference; includeInIndex = 1; lastKnownFileType = text.xcconfig; name = "Pods-MovieAppTests.release.xcconfig"; path = "Pods/Target Support Files/Pods-MovieAppTests/Pods-MovieAppTests.release.xcconfig"; sourceTree = "<group>"; };
/* End PBXFileReference section */

/* Begin PBXFrameworksBuildPhase section */
		9CFD82832209376900E5C0F7 /* Frameworks */ = {
			isa = PBXFrameworksBuildPhase;
			buildActionMask = 2147483647;
			files = (
				5C7DBD1733EB5A9B26B4A25C /* Pods_MovieApp.framework in Frameworks */,
			);
			runOnlyForDeploymentPostprocessing = 0;
		};
		9CFD829A2209376B00E5C0F7 /* Frameworks */ = {
			isa = PBXFrameworksBuildPhase;
			buildActionMask = 2147483647;
			files = (
				4EA1623C8F9D536591109580 /* Pods_MovieAppTests.framework in Frameworks */,
			);
			runOnlyForDeploymentPostprocessing = 0;
		};
		9CFD82A52209376B00E5C0F7 /* Frameworks */ = {
			isa = PBXFrameworksBuildPhase;
			buildActionMask = 2147483647;
			files = (
				FC4A4AB2A40B1BAA11AC844B /* Pods_MovieAppUITests.framework in Frameworks */,
			);
			runOnlyForDeploymentPostprocessing = 0;
		};
/* End PBXFrameworksBuildPhase section */

/* Begin PBXGroup section */
		042A0D3811943BED8FF6242C /* Frameworks */ = {
			isa = PBXGroup;
			children = (
				C1D584216F1E3459951A5FE1 /* Pods_MovieApp.framework */,
				784739E3EFA9F24B71A0647D /* Pods_MovieAppTests.framework */,
				A5D6737997E4958EAF3709FD /* Pods_MovieAppUITests.framework */,
			);
			name = Frameworks;
			sourceTree = "<group>";
		};
		9CFD827D2209376900E5C0F7 = {
			isa = PBXGroup;
			children = (
				9CFD82882209376900E5C0F7 /* MovieApp */,
				9CFD82A02209376B00E5C0F7 /* MovieAppTests */,
				9CFD82AB2209376B00E5C0F7 /* MovieAppUITests */,
				9CFD82872209376900E5C0F7 /* Products */,
				F9F10753AF3F7F867E97B2AD /* Pods */,
				042A0D3811943BED8FF6242C /* Frameworks */,
			);
			sourceTree = "<group>";
		};
		9CFD82872209376900E5C0F7 /* Products */ = {
			isa = PBXGroup;
			children = (
				9CFD82862209376900E5C0F7 /* MovieApp.app */,
				9CFD829D2209376B00E5C0F7 /* MovieAppTests.xctest */,
				9CFD82A82209376B00E5C0F7 /* MovieAppUITests.xctest */,
			);
			name = Products;
			sourceTree = "<group>";
		};
		9CFD82882209376900E5C0F7 /* MovieApp */ = {
			isa = PBXGroup;
			children = (
				9CFD82892209376900E5C0F7 /* AppDelegate.swift */,
				9CFD828B2209376900E5C0F7 /* ViewController.swift */,
				9CFD828D2209376900E5C0F7 /* Main.storyboard */,
				9CEED46422096B3D00ACC876 /* MovieCell.swift */,
				9CFD82932209376B00E5C0F7 /* Assets.xcassets */,
				9CFD82952209376B00E5C0F7 /* LaunchScreen.storyboard */,
				9CFD82982209376B00E5C0F7 /* Info.plist */,
				9CFD82902209376900E5C0F7 /* MovieApp.xcdatamodeld */,
				9C54E70B22126F2D008BD6C2 /* MovieDetailsViewController.swift */,
				9C54E70D22127CC2008BD6C2 /* MovieGridViewController.swift */,
			);
			path = MovieApp;
			sourceTree = "<group>";
		};
		9CFD82A02209376B00E5C0F7 /* MovieAppTests */ = {
			isa = PBXGroup;
			children = (
				9CFD82A12209376B00E5C0F7 /* MovieAppTests.swift */,
				9CFD82A32209376B00E5C0F7 /* Info.plist */,
			);
			path = MovieAppTests;
			sourceTree = "<group>";
		};
		9CFD82AB2209376B00E5C0F7 /* MovieAppUITests */ = {
			isa = PBXGroup;
			children = (
				9CFD82AC2209376B00E5C0F7 /* MovieAppUITests.swift */,
				9CFD82AE2209376B00E5C0F7 /* Info.plist */,
			);
			path = MovieAppUITests;
			sourceTree = "<group>";
		};
		F9F10753AF3F7F867E97B2AD /* Pods */ = {
			isa = PBXGroup;
			children = (
				61706E25D9321625F011C4A3 /* Pods-MovieApp.debug.xcconfig */,
				D6D56F18DE178DD18F4DA8EE /* Pods-MovieApp.release.xcconfig */,
				5A7E00ABBE22EFF2F599CB38 /* Pods-MovieAppTests.debug.xcconfig */,
				D8302724A3EAF996F0D843EE /* Pods-MovieAppTests.release.xcconfig */,
				CE95EC5EFF21AEA49DD4442B /* Pods-MovieAppUITests.debug.xcconfig */,
				6B2C2E8BE426BB58537E9C79 /* Pods-MovieAppUITests.release.xcconfig */,
			);
			name = Pods;
			sourceTree = "<group>";
		};
/* End PBXGroup section */

/* Begin PBXNativeTarget section */
		9CFD82852209376900E5C0F7 /* MovieApp */ = {
			isa = PBXNativeTarget;
			buildConfigurationList = 9CFD82B12209376B00E5C0F7 /* Build configuration list for PBXNativeTarget "MovieApp" */;
			buildPhases = (
				B350E65B59EB6B4A20A01420 /* [CP] Check Pods Manifest.lock */,
				9CFD82822209376900E5C0F7 /* Sources */,
				9CFD82832209376900E5C0F7 /* Frameworks */,
				9CFD82842209376900E5C0F7 /* Resources */,
				E5B476804FDC0734C96B09F3 /* [CP] Embed Pods Frameworks */,
			);
			buildRules = (
			);
			dependencies = (
			);
			name = MovieApp;
			productName = MovieApp;
			productReference = 9CFD82862209376900E5C0F7 /* MovieApp.app */;
			productType = "com.apple.product-type.application";
		};
		9CFD829C2209376B00E5C0F7 /* MovieAppTests */ = {
			isa = PBXNativeTarget;
			buildConfigurationList = 9CFD82B42209376B00E5C0F7 /* Build configuration list for PBXNativeTarget "MovieAppTests" */;
			buildPhases = (
				EC48AB7E6D2285F6C10A64F6 /* [CP] Check Pods Manifest.lock */,
				9CFD82992209376B00E5C0F7 /* Sources */,
				9CFD829A2209376B00E5C0F7 /* Frameworks */,
				9CFD829B2209376B00E5C0F7 /* Resources */,
			);
			buildRules = (
			);
			dependencies = (
				9CFD829F2209376B00E5C0F7 /* PBXTargetDependency */,
			);
			name = MovieAppTests;
			productName = MovieAppTests;
			productReference = 9CFD829D2209376B00E5C0F7 /* MovieAppTests.xctest */;
			productType = "com.apple.product-type.bundle.unit-test";
		};
		9CFD82A72209376B00E5C0F7 /* MovieAppUITests */ = {
			isa = PBXNativeTarget;
			buildConfigurationList = 9CFD82B72209376B00E5C0F7 /* Build configuration list for PBXNativeTarget "MovieAppUITests" */;
			buildPhases = (
				514817C0BF39C2946CA8B2EA /* [CP] Check Pods Manifest.lock */,
				9CFD82A42209376B00E5C0F7 /* Sources */,
				9CFD82A52209376B00E5C0F7 /* Frameworks */,
				9CFD82A62209376B00E5C0F7 /* Resources */,
			);
			buildRules = (
			);
			dependencies = (
				9CFD82AA2209376B00E5C0F7 /* PBXTargetDependency */,
			);
			name = MovieAppUITests;
			productName = MovieAppUITests;
			productReference = 9CFD82A82209376B00E5C0F7 /* MovieAppUITests.xctest */;
			productType = "com.apple.product-type.bundle.ui-testing";
		};
/* End PBXNativeTarget section */

/* Begin PBXProject section */
		9CFD827E2209376900E5C0F7 /* Project object */ = {
			isa = PBXProject;
			attributes = {
				LastSwiftUpdateCheck = 1010;
				LastUpgradeCheck = 1010;
				ORGANIZATIONNAME = "Ulises Martinez";
				TargetAttributes = {
					9CFD82852209376900E5C0F7 = {
						CreatedOnToolsVersion = 10.1;
					};
					9CFD829C2209376B00E5C0F7 = {
						CreatedOnToolsVersion = 10.1;
						TestTargetID = 9CFD82852209376900E5C0F7;
					};
					9CFD82A72209376B00E5C0F7 = {
						CreatedOnToolsVersion = 10.1;
						TestTargetID = 9CFD82852209376900E5C0F7;
					};
				};
			};
			buildConfigurationList = 9CFD82812209376900E5C0F7 /* Build configuration list for PBXProject "MovieApp" */;
			compatibilityVersion = "Xcode 9.3";
			developmentRegion = en;
			hasScannedForEncodings = 0;
			knownRegions = (
				en,
				Base,
			);
			mainGroup = 9CFD827D2209376900E5C0F7;
			productRefGroup = 9CFD82872209376900E5C0F7 /* Products */;
			projectDirPath = "";
			projectRoot = "";
			targets = (
				9CFD82852209376900E5C0F7 /* MovieApp */,
				9CFD829C2209376B00E5C0F7 /* MovieAppTests */,
				9CFD82A72209376B00E5C0F7 /* MovieAppUITests */,
			);
		};
/* End PBXProject section */

/* Begin PBXResourcesBuildPhase section */
		9CFD82842209376900E5C0F7 /* Resources */ = {
			isa = PBXResourcesBuildPhase;
			buildActionMask = 2147483647;
			files = (
				9CFD82972209376B00E5C0F7 /* LaunchScreen.storyboard in Resources */,
				9CFD82942209376B00E5C0F7 /* Assets.xcassets in Resources */,
				9CFD828F2209376900E5C0F7 /* Main.storyboard in Resources */,
			);
			runOnlyForDeploymentPostprocessing = 0;
		};
		9CFD829B2209376B00E5C0F7 /* Resources */ = {
			isa = PBXResourcesBuildPhase;
			buildActionMask = 2147483647;
			files = (
			);
			runOnlyForDeploymentPostprocessing = 0;
		};
		9CFD82A62209376B00E5C0F7 /* Resources */ = {
			isa = PBXResourcesBuildPhase;
			buildActionMask = 2147483647;
			files = (
			);
			runOnlyForDeploymentPostprocessing = 0;
		};
/* End PBXResourcesBuildPhase section */

/* Begin PBXShellScriptBuildPhase section */
		514817C0BF39C2946CA8B2EA /* [CP] Check Pods Manifest.lock */ = {
			isa = PBXShellScriptBuildPhase;
			buildActionMask = 2147483647;
			files = (
			);
			inputFileListPaths = (
			);
			inputPaths = (
				"${PODS_PODFILE_DIR_PATH}/Podfile.lock",
				"${PODS_ROOT}/Manifest.lock",
			);
			name = "[CP] Check Pods Manifest.lock";
			outputFileListPaths = (
			);
			outputPaths = (
				"$(DERIVED_FILE_DIR)/Pods-MovieAppUITests-checkManifestLockResult.txt",
			);
			runOnlyForDeploymentPostprocessing = 0;
			shellPath = /bin/sh;
			shellScript = "diff \"${PODS_PODFILE_DIR_PATH}/Podfile.lock\" \"${PODS_ROOT}/Manifest.lock\" > /dev/null\nif [ $? != 0 ] ; then\n    # print error to STDERR\n    echo \"error: The sandbox is not in sync with the Podfile.lock. Run 'pod install' or update your CocoaPods installation.\" >&2\n    exit 1\nfi\n# This output is used by Xcode 'outputs' to avoid re-running this script phase.\necho \"SUCCESS\" > \"${SCRIPT_OUTPUT_FILE_0}\"\n";
			showEnvVarsInLog = 0;
		};
		B350E65B59EB6B4A20A01420 /* [CP] Check Pods Manifest.lock */ = {
			isa = PBXShellScriptBuildPhase;
			buildActionMask = 2147483647;
			files = (
			);
			inputFileListPaths = (
			);
			inputPaths = (
				"${PODS_PODFILE_DIR_PATH}/Podfile.lock",
				"${PODS_ROOT}/Manifest.lock",
			);
			name = "[CP] Check Pods Manifest.lock";
			outputFileListPaths = (
			);
			outputPaths = (
				"$(DERIVED_FILE_DIR)/Pods-MovieApp-checkManifestLockResult.txt",
			);
			runOnlyForDeploymentPostprocessing = 0;
			shellPath = /bin/sh;
			shellScript = "diff \"${PODS_PODFILE_DIR_PATH}/Podfile.lock\" \"${PODS_ROOT}/Manifest.lock\" > /dev/null\nif [ $? != 0 ] ; then\n    # print error to STDERR\n    echo \"error: The sandbox is not in sync with the Podfile.lock. Run 'pod install' or update your CocoaPods installation.\" >&2\n    exit 1\nfi\n# This output is used by Xcode 'outputs' to avoid re-running this script phase.\necho \"SUCCESS\" > \"${SCRIPT_OUTPUT_FILE_0}\"\n";
			showEnvVarsInLog = 0;
		};
		E5B476804FDC0734C96B09F3 /* [CP] Embed Pods Frameworks */ = {
			isa = PBXShellScriptBuildPhase;
			buildActionMask = 2147483647;
			files = (
			);
			inputFileListPaths = (
			);
			inputPaths = (
				"${SRCROOT}/Pods/Target Support Files/Pods-MovieApp/Pods-MovieApp-frameworks.sh",
				"${BUILT_PRODUCTS_DIR}/Alamofire/Alamofire.framework",
				"${BUILT_PRODUCTS_DIR}/AlamofireImage/AlamofireImage.framework",
			);
			name = "[CP] Embed Pods Frameworks";
			outputFileListPaths = (
			);
			outputPaths = (
				"${TARGET_BUILD_DIR}/${FRAMEWORKS_FOLDER_PATH}/Alamofire.framework",
				"${TARGET_BUILD_DIR}/${FRAMEWORKS_FOLDER_PATH}/AlamofireImage.framework",
			);
			runOnlyForDeploymentPostprocessing = 0;
			shellPath = /bin/sh;
			shellScript = "\"${SRCROOT}/Pods/Target Support Files/Pods-MovieApp/Pods-MovieApp-frameworks.sh\"\n";
			showEnvVarsInLog = 0;
		};
		EC48AB7E6D2285F6C10A64F6 /* [CP] Check Pods Manifest.lock */ = {
			isa = PBXShellScriptBuildPhase;
			buildActionMask = 2147483647;
			files = (
			);
			inputFileListPaths = (
			);
			inputPaths = (
				"${PODS_PODFILE_DIR_PATH}/Podfile.lock",
				"${PODS_ROOT}/Manifest.lock",
			);
			name = "[CP] Check Pods Manifest.lock";
			outputFileListPaths = (
			);
			outputPaths = (
				"$(DERIVED_FILE_DIR)/Pods-MovieAppTests-checkManifestLockResult.txt",
			);
			runOnlyForDeploymentPostprocessing = 0;
			shellPath = /bin/sh;
			shellScript = "diff \"${PODS_PODFILE_DIR_PATH}/Podfile.lock\" \"${PODS_ROOT}/Manifest.lock\" > /dev/null\nif [ $? != 0 ] ; then\n    # print error to STDERR\n    echo \"error: The sandbox is not in sync with the Podfile.lock. Run 'pod install' or update your CocoaPods installation.\" >&2\n    exit 1\nfi\n# This output is used by Xcode 'outputs' to avoid re-running this script phase.\necho \"SUCCESS\" > \"${SCRIPT_OUTPUT_FILE_0}\"\n";
			showEnvVarsInLog = 0;
		};
/* End PBXShellScriptBuildPhase section */

/* Begin PBXSourcesBuildPhase section */
		9CFD82822209376900E5C0F7 /* Sources */ = {
			isa = PBXSourcesBuildPhase;
			buildActionMask = 2147483647;
			files = (
				9C54E70C22126F2D008BD6C2 /* MovieDetailsViewController.swift in Sources */,
				9CFD828C2209376900E5C0F7 /* ViewController.swift in Sources */,
				9CFD828A2209376900E5C0F7 /* AppDelegate.swift in Sources */,
				9CEED46522096B3D00ACC876 /* MovieCell.swift in Sources */,
				9CFD82922209376900E5C0F7 /* MovieApp.xcdatamodeld in Sources */,
				9C54E70E22127CC2008BD6C2 /* MovieGridViewController.swift in Sources */,
			);
			runOnlyForDeploymentPostprocessing = 0;
		};
		9CFD82992209376B00E5C0F7 /* Sources */ = {
			isa = PBXSourcesBuildPhase;
			buildActionMask = 2147483647;
			files = (
				9CFD82A22209376B00E5C0F7 /* MovieAppTests.swift in Sources */,
			);
			runOnlyForDeploymentPostprocessing = 0;
		};
		9CFD82A42209376B00E5C0F7 /* Sources */ = {
			isa = PBXSourcesBuildPhase;
			buildActionMask = 2147483647;
			files = (
				9CFD82AD2209376B00E5C0F7 /* MovieAppUITests.swift in Sources */,
			);
			runOnlyForDeploymentPostprocessing = 0;
		};
/* End PBXSourcesBuildPhase section */

/* Begin PBXTargetDependency section */
		9CFD829F2209376B00E5C0F7 /* PBXTargetDependency */ = {
			isa = PBXTargetDependency;
			target = 9CFD82852209376900E5C0F7 /* MovieApp */;
			targetProxy = 9CFD829E2209376B00E5C0F7 /* PBXContainerItemProxy */;
		};
		9CFD82AA2209376B00E5C0F7 /* PBXTargetDependency */ = {
			isa = PBXTargetDependency;
			target = 9CFD82852209376900E5C0F7 /* MovieApp */;
			targetProxy = 9CFD82A92209376B00E5C0F7 /* PBXContainerItemProxy */;
		};
/* End PBXTargetDependency section */

/* Begin PBXVariantGroup section */
		9CFD828D2209376900E5C0F7 /* Main.storyboard */ = {
			isa = PBXVariantGroup;
			children = (
				9CFD828E2209376900E5C0F7 /* Base */,
			);
			name = Main.storyboard;
			sourceTree = "<group>";
		};
		9CFD82952209376B00E5C0F7 /* LaunchScreen.storyboard */ = {
			isa = PBXVariantGroup;
			children = (
				9CFD82962209376B00E5C0F7 /* Base */,
			);
			name = LaunchScreen.storyboard;
			sourceTree = "<group>";
		};
/* End PBXVariantGroup section */

/* Begin XCBuildConfiguration section */
		9CFD82AF2209376B00E5C0F7 /* Debug */ = {
			isa = XCBuildConfiguration;
			buildSettings = {
				ALWAYS_SEARCH_USER_PATHS = NO;
				CLANG_ANALYZER_NONNULL = YES;
				CLANG_ANALYZER_NUMBER_OBJECT_CONVERSION = YES_AGGRESSIVE;
				CLANG_CXX_LANGUAGE_STANDARD = "gnu++14";
				CLANG_CXX_LIBRARY = "libc++";
				CLANG_ENABLE_MODULES = YES;
				CLANG_ENABLE_OBJC_ARC = YES;
				CLANG_ENABLE_OBJC_WEAK = YES;
				CLANG_WARN_BLOCK_CAPTURE_AUTORELEASING = YES;
				CLANG_WARN_BOOL_CONVERSION = YES;
				CLANG_WARN_COMMA = YES;
				CLANG_WARN_CONSTANT_CONVERSION = YES;
				CLANG_WARN_DEPRECATED_OBJC_IMPLEMENTATIONS = YES;
				CLANG_WARN_DIRECT_OBJC_ISA_USAGE = YES_ERROR;
				CLANG_WARN_DOCUMENTATION_COMMENTS = YES;
				CLANG_WARN_EMPTY_BODY = YES;
				CLANG_WARN_ENUM_CONVERSION = YES;
				CLANG_WARN_INFINITE_RECURSION = YES;
				CLANG_WARN_INT_CONVERSION = YES;
				CLANG_WARN_NON_LITERAL_NULL_CONVERSION = YES;
				CLANG_WARN_OBJC_IMPLICIT_RETAIN_SELF = YES;
				CLANG_WARN_OBJC_LITERAL_CONVERSION = YES;
				CLANG_WARN_OBJC_ROOT_CLASS = YES_ERROR;
				CLANG_WARN_RANGE_LOOP_ANALYSIS = YES;
				CLANG_WARN_STRICT_PROTOTYPES = YES;
				CLANG_WARN_SUSPICIOUS_MOVE = YES;
				CLANG_WARN_UNGUARDED_AVAILABILITY = YES_AGGRESSIVE;
				CLANG_WARN_UNREACHABLE_CODE = YES;
				CLANG_WARN__DUPLICATE_METHOD_MATCH = YES;
				CODE_SIGN_IDENTITY = "iPhone Developer";
				COPY_PHASE_STRIP = NO;
				DEBUG_INFORMATION_FORMAT = dwarf;
				ENABLE_STRICT_OBJC_MSGSEND = YES;
				ENABLE_TESTABILITY = YES;
				GCC_C_LANGUAGE_STANDARD = gnu11;
				GCC_DYNAMIC_NO_PIC = NO;
				GCC_NO_COMMON_BLOCKS = YES;
				GCC_OPTIMIZATION_LEVEL = 0;
				GCC_PREPROCESSOR_DEFINITIONS = (
					"DEBUG=1",
					"$(inherited)",
				);
				GCC_WARN_64_TO_32_BIT_CONVERSION = YES;
				GCC_WARN_ABOUT_RETURN_TYPE = YES_ERROR;
				GCC_WARN_UNDECLARED_SELECTOR = YES;
				GCC_WARN_UNINITIALIZED_AUTOS = YES_AGGRESSIVE;
				GCC_WARN_UNUSED_FUNCTION = YES;
				GCC_WARN_UNUSED_VARIABLE = YES;
				IPHONEOS_DEPLOYMENT_TARGET = 12.1;
				MTL_ENABLE_DEBUG_INFO = INCLUDE_SOURCE;
				MTL_FAST_MATH = YES;
				ONLY_ACTIVE_ARCH = YES;
				SDKROOT = iphoneos;
				SWIFT_ACTIVE_COMPILATION_CONDITIONS = DEBUG;
				SWIFT_OPTIMIZATION_LEVEL = "-Onone";
			};
			name = Debug;
		};
		9CFD82B02209376B00E5C0F7 /* Release */ = {
			isa = XCBuildConfiguration;
			buildSettings = {
				ALWAYS_SEARCH_USER_PATHS = NO;
				CLANG_ANALYZER_NONNULL = YES;
				CLANG_ANALYZER_NUMBER_OBJECT_CONVERSION = YES_AGGRESSIVE;
				CLANG_CXX_LANGUAGE_STANDARD = "gnu++14";
				CLANG_CXX_LIBRARY = "libc++";
				CLANG_ENABLE_MODULES = YES;
				CLANG_ENABLE_OBJC_ARC = YES;
				CLANG_ENABLE_OBJC_WEAK = YES;
				CLANG_WARN_BLOCK_CAPTURE_AUTORELEASING = YES;
				CLANG_WARN_BOOL_CONVERSION = YES;
				CLANG_WARN_COMMA = YES;
				CLANG_WARN_CONSTANT_CONVERSION = YES;
				CLANG_WARN_DEPRECATED_OBJC_IMPLEMENTATIONS = YES;
				CLANG_WARN_DIRECT_OBJC_ISA_USAGE = YES_ERROR;
				CLANG_WARN_DOCUMENTATION_COMMENTS = YES;
				CLANG_WARN_EMPTY_BODY = YES;
				CLANG_WARN_ENUM_CONVERSION = YES;
				CLANG_WARN_INFINITE_RECURSION = YES;
				CLANG_WARN_INT_CONVERSION = YES;
				CLANG_WARN_NON_LITERAL_NULL_CONVERSION = YES;
				CLANG_WARN_OBJC_IMPLICIT_RETAIN_SELF = YES;
				CLANG_WARN_OBJC_LITERAL_CONVERSION = YES;
				CLANG_WARN_OBJC_ROOT_CLASS = YES_ERROR;
				CLANG_WARN_RANGE_LOOP_ANALYSIS = YES;
				CLANG_WARN_STRICT_PROTOTYPES = YES;
				CLANG_WARN_SUSPICIOUS_MOVE = YES;
				CLANG_WARN_UNGUARDED_AVAILABILITY = YES_AGGRESSIVE;
				CLANG_WARN_UNREACHABLE_CODE = YES;
				CLANG_WARN__DUPLICATE_METHOD_MATCH = YES;
				CODE_SIGN_IDENTITY = "iPhone Developer";
				COPY_PHASE_STRIP = NO;
				DEBUG_INFORMATION_FORMAT = "dwarf-with-dsym";
				ENABLE_NS_ASSERTIONS = NO;
				ENABLE_STRICT_OBJC_MSGSEND = YES;
				GCC_C_LANGUAGE_STANDARD = gnu11;
				GCC_NO_COMMON_BLOCKS = YES;
				GCC_WARN_64_TO_32_BIT_CONVERSION = YES;
				GCC_WARN_ABOUT_RETURN_TYPE = YES_ERROR;
				GCC_WARN_UNDECLARED_SELECTOR = YES;
				GCC_WARN_UNINITIALIZED_AUTOS = YES_AGGRESSIVE;
				GCC_WARN_UNUSED_FUNCTION = YES;
				GCC_WARN_UNUSED_VARIABLE = YES;
				IPHONEOS_DEPLOYMENT_TARGET = 12.1;
				MTL_ENABLE_DEBUG_INFO = NO;
				MTL_FAST_MATH = YES;
				SDKROOT = iphoneos;
				SWIFT_COMPILATION_MODE = wholemodule;
				SWIFT_OPTIMIZATION_LEVEL = "-O";
				VALIDATE_PRODUCT = YES;
			};
			name = Release;
		};
		9CFD82B22209376B00E5C0F7 /* Debug */ = {
			isa = XCBuildConfiguration;
			baseConfigurationReference = 61706E25D9321625F011C4A3 /* Pods-MovieApp.debug.xcconfig */;
			buildSettings = {
				ASSETCATALOG_COMPILER_APPICON_NAME = AppIcon;
				CODE_SIGN_STYLE = Automatic;
				DEVELOPMENT_TEAM = NFX279CHZD;
				INFOPLIST_FILE = MovieApp/Info.plist;
				LD_RUNPATH_SEARCH_PATHS = (
					"$(inherited)",
					"@executable_path/Frameworks",
				);
				PRODUCT_BUNDLE_IDENTIFIER = com.martinezulises.MovieApp;
				PRODUCT_NAME = "$(TARGET_NAME)";
				SWIFT_VERSION = 4.2;
				TARGETED_DEVICE_FAMILY = "1,2";
			};
			name = Debug;
		};
		9CFD82B32209376B00E5C0F7 /* Release */ = {
			isa = XCBuildConfiguration;
			baseConfigurationReference = D6D56F18DE178DD18F4DA8EE /* Pods-MovieApp.release.xcconfig */;
			buildSettings = {
				ASSETCATALOG_COMPILER_APPICON_NAME = AppIcon;
				CODE_SIGN_STYLE = Automatic;
				DEVELOPMENT_TEAM = NFX279CHZD;
				INFOPLIST_FILE = MovieApp/Info.plist;
				LD_RUNPATH_SEARCH_PATHS = (
					"$(inherited)",
					"@executable_path/Frameworks",
				);
				PRODUCT_BUNDLE_IDENTIFIER = com.martinezulises.MovieApp;
				PRODUCT_NAME = "$(TARGET_NAME)";
				SWIFT_VERSION = 4.2;
				TARGETED_DEVICE_FAMILY = "1,2";
			};
			name = Release;
		};
		9CFD82B52209376B00E5C0F7 /* Debug */ = {
			isa = XCBuildConfiguration;
			baseConfigurationReference = 5A7E00ABBE22EFF2F599CB38 /* Pods-MovieAppTests.debug.xcconfig */;
			buildSettings = {
				ALWAYS_EMBED_SWIFT_STANDARD_LIBRARIES = YES;
				BUNDLE_LOADER = "$(TEST_HOST)";
				CODE_SIGN_STYLE = Automatic;
				DEVELOPMENT_TEAM = NFX279CHZD;
				INFOPLIST_FILE = MovieAppTests/Info.plist;
				LD_RUNPATH_SEARCH_PATHS = (
					"$(inherited)",
					"@executable_path/Frameworks",
					"@loader_path/Frameworks",
				);
				PRODUCT_BUNDLE_IDENTIFIER = com.martinezulises.MovieAppTests;
				PRODUCT_NAME = "$(TARGET_NAME)";
				SWIFT_VERSION = 4.2;
				TARGETED_DEVICE_FAMILY = "1,2";
				TEST_HOST = "$(BUILT_PRODUCTS_DIR)/MovieApp.app/MovieApp";
			};
			name = Debug;
		};
		9CFD82B62209376B00E5C0F7 /* Release */ = {
			isa = XCBuildConfiguration;
			baseConfigurationReference = D8302724A3EAF996F0D843EE /* Pods-MovieAppTests.release.xcconfig */;
			buildSettings = {
				ALWAYS_EMBED_SWIFT_STANDARD_LIBRARIES = YES;
				BUNDLE_LOADER = "$(TEST_HOST)";
				CODE_SIGN_STYLE = Automatic;
				DEVELOPMENT_TEAM = NFX279CHZD;
				INFOPLIST_FILE = MovieAppTests/Info.plist;
				LD_RUNPATH_SEARCH_PATHS = (
					"$(inherited)",
					"@executable_path/Frameworks",
					"@loader_path/Frameworks",
				);
				PRODUCT_BUNDLE_IDENTIFIER = com.martinezulises.MovieAppTests;
				PRODUCT_NAME = "$(TARGET_NAME)";
				SWIFT_VERSION = 4.2;
				TARGETED_DEVICE_FAMILY = "1,2";
				TEST_HOST = "$(BUILT_PRODUCTS_DIR)/MovieApp.app/MovieApp";
			};
			name = Release;
		};
		9CFD82B82209376B00E5C0F7 /* Debug */ = {
			isa = XCBuildConfiguration;
			baseConfigurationReference = CE95EC5EFF21AEA49DD4442B /* Pods-MovieAppUITests.debug.xcconfig */;
			buildSettings = {
				ALWAYS_EMBED_SWIFT_STANDARD_LIBRARIES = YES;
				CODE_SIGN_STYLE = Automatic;
				DEVELOPMENT_TEAM = NFX279CHZD;
				INFOPLIST_FILE = MovieAppUITests/Info.plist;
				LD_RUNPATH_SEARCH_PATHS = (
					"$(inherited)",
					"@executable_path/Frameworks",
					"@loader_path/Frameworks",
				);
				PRODUCT_BUNDLE_IDENTIFIER = com.martinezulises.MovieAppUITests;
				PRODUCT_NAME = "$(TARGET_NAME)";
				SWIFT_VERSION = 4.2;
				TARGETED_DEVICE_FAMILY = "1,2";
				TEST_TARGET_NAME = MovieApp;
			};
			name = Debug;
		};
		9CFD82B92209376B00E5C0F7 /* Release */ = {
			isa = XCBuildConfiguration;
			baseConfigurationReference = 6B2C2E8BE426BB58537E9C79 /* Pods-MovieAppUITests.release.xcconfig */;
			buildSettings = {
				ALWAYS_EMBED_SWIFT_STANDARD_LIBRARIES = YES;
				CODE_SIGN_STYLE = Automatic;
				DEVELOPMENT_TEAM = NFX279CHZD;
				INFOPLIST_FILE = MovieAppUITests/Info.plist;
				LD_RUNPATH_SEARCH_PATHS = (
					"$(inherited)",
					"@executable_path/Frameworks",
					"@loader_path/Frameworks",
				);
				PRODUCT_BUNDLE_IDENTIFIER = com.martinezulises.MovieAppUITests;
				PRODUCT_NAME = "$(TARGET_NAME)";
				SWIFT_VERSION = 4.2;
				TARGETED_DEVICE_FAMILY = "1,2";
				TEST_TARGET_NAME = MovieApp;
			};
			name = Release;
		};
/* End XCBuildConfiguration section */

/* Begin XCConfigurationList section */
		9CFD82812209376900E5C0F7 /* Build configuration list for PBXProject "MovieApp" */ = {
			isa = XCConfigurationList;
			buildConfigurations = (
				9CFD82AF2209376B00E5C0F7 /* Debug */,
				9CFD82B02209376B00E5C0F7 /* Release */,
			);
			defaultConfigurationIsVisible = 0;
			defaultConfigurationName = Release;
		};
		9CFD82B12209376B00E5C0F7 /* Build configuration list for PBXNativeTarget "MovieApp" */ = {
			isa = XCConfigurationList;
			buildConfigurations = (
				9CFD82B22209376B00E5C0F7 /* Debug */,
				9CFD82B32209376B00E5C0F7 /* Release */,
			);
			defaultConfigurationIsVisible = 0;
			defaultConfigurationName = Release;
		};
		9CFD82B42209376B00E5C0F7 /* Build configuration list for PBXNativeTarget "MovieAppTests" */ = {
			isa = XCConfigurationList;
			buildConfigurations = (
				9CFD82B52209376B00E5C0F7 /* Debug */,
				9CFD82B62209376B00E5C0F7 /* Release */,
			);
			defaultConfigurationIsVisible = 0;
			defaultConfigurationName = Release;
		};
		9CFD82B72209376B00E5C0F7 /* Build configuration list for PBXNativeTarget "MovieAppUITests" */ = {
			isa = XCConfigurationList;
			buildConfigurations = (
				9CFD82B82209376B00E5C0F7 /* Debug */,
				9CFD82B92209376B00E5C0F7 /* Release */,
			);
			defaultConfigurationIsVisible = 0;
			defaultConfigurationName = Release;
		};
/* End XCConfigurationList section */

/* Begin XCVersionGroup section */
		9CFD82902209376900E5C0F7 /* MovieApp.xcdatamodeld */ = {
			isa = XCVersionGroup;
			children = (
				9CFD82912209376900E5C0F7 /* MovieApp.xcdatamodel */,
			);
			currentVersion = 9CFD82912209376900E5C0F7 /* MovieApp.xcdatamodel */;
			path = MovieApp.xcdatamodeld;
			sourceTree = "<group>";
			versionGroupType = wrapper.xcdatamodel;
		};
/* End XCVersionGroup section */
	};
	rootObject = 9CFD827E2209376900E5C0F7 /* Project object */;
}
